
Microsoft Visual Studio Solution File, Format Version 12.00
# Visual Studio Version 17
VisualStudioVersion = 17.5.33424.131
MinimumVisualStudioVersion = 10.0.40219.1
Project("{FAE04EC0-301F-11D3-BF4B-00C04F79EFBC}") = "SeparaNotasApi", "SeparaNotasApi\SeparaNotasApi.csproj", "{A82EB81B-E248-4356-B523-07DE6AA53017}"
EndProject
Global
	GlobalSection(SolutionConfigurationPlatforms) = preSolution
		Debug|Any CPU = Debug|Any CPU
		Release|Any CPU = Release|Any CPU
	EndGlobalSection
	GlobalSection(ProjectConfigurationPlatforms) = postSolution
		{A82EB81B-E248-4356-B523-07DE6AA53017}.Debug|Any CPU.ActiveCfg = Debug|Any CPU
		{A82EB81B-E248-4356-B523-07DE6AA53017}.Debug|Any CPU.Build.0 = Debug|Any CPU
		{A82EB81B-E248-4356-B523-07DE6AA53017}.Release|Any CPU.ActiveCfg = Release|Any CPU
		{A82EB81B-E248-4356-B523-07DE6AA53017}.Release|Any CPU.Build.0 = Release|Any CPU
	EndGlobalSection
	GlobalSection(SolutionProperties) = preSolution
		HideSolutionNode = FALSE
	EndGlobalSection
	GlobalSection(ExtensibilityGlobals) = postSolution
		SolutionGuid = {FC244F5E-D90C-4AF9-8C12-7D7DDCD457E6}
	EndGlobalSection
EndGlobal
